
Microsoft Visual Studio Solution File, Format Version 12.00
# Visual Studio 15
VisualStudioVersion = 15.0.27428.2005
MinimumVisualStudioVersion = 10.0.40219.1
Project("{FAE04EC0-301F-11D3-BF4B-00C04F79EFBC}") = "PubSubSample", "PubSubSample\PubSubSample.csproj", "{4B8B2E04-0B38-418C-B352-D386BBDD0E1D}"
EndProject
Project("{FAE04EC0-301F-11D3-BF4B-00C04F79EFBC}") = "PubSubSampleTests", "PubSubSampleTests\PubSubSampleTests.csproj", "{A45ABB67-96A1-4188-BD7B-86B5674727F1}"
EndProject
Global
	GlobalSection(SolutionConfigurationPlatforms) = preSolution
		Debug|Any CPU = Debug|Any CPU
		Release|Any CPU = Release|Any CPU
	EndGlobalSection
	GlobalSection(ProjectConfigurationPlatforms) = postSolution
		{4B8B2E04-0B38-418C-B352-D386BBDD0E1D}.Debug|Any CPU.ActiveCfg = Debug|Any CPU
		{4B8B2E04-0B38-418C-B352-D386BBDD0E1D}.Debug|Any CPU.Build.0 = Debug|Any CPU
		{4B8B2E04-0B38-418C-B352-D386BBDD0E1D}.Release|Any CPU.ActiveCfg = Release|Any CPU
		{4B8B2E04-0B38-418C-B352-D386BBDD0E1D}.Release|Any CPU.Build.0 = Release|Any CPU
		{A45ABB67-96A1-4188-BD7B-86B5674727F1}.Debug|Any CPU.ActiveCfg = Debug|Any CPU
		{A45ABB67-96A1-4188-BD7B-86B5674727F1}.Debug|Any CPU.Build.0 = Debug|Any CPU
		{A45ABB67-96A1-4188-BD7B-86B5674727F1}.Release|Any CPU.ActiveCfg = Release|Any CPU
		{A45ABB67-96A1-4188-BD7B-86B5674727F1}.Release|Any CPU.Build.0 = Release|Any CPU
	EndGlobalSection
	GlobalSection(SolutionProperties) = preSolution
		HideSolutionNode = FALSE
	EndGlobalSection
	GlobalSection(ExtensibilityGlobals) = postSolution
		SolutionGuid = {A8E38B1F-AA19-454D-908C-FBD050E44E62}
	EndGlobalSection
EndGlobal
